
Microsoft Visual Studio Solution File, Format Version 12.00
# Visual Studio Version 17
VisualStudioVersion = 17.0.31903.59
MinimumVisualStudioVersion = 10.0.40219.1
Project("{2150E333-8FDC-42A3-9474-1A3956D46DE8}") = "Src", "Src", "{827E0CD3-B72D-47B6-A68D-7590B98EB39B}"
EndProject
Project("{FAE04EC0-301F-11D3-BF4B-00C04F79EFBC}") = "DDD.Api", "Src\Api\DDD.Api.csproj", "{D74B2966-0625-4ABC-9E41-F7FA3B28A2F4}"
EndProject
Project("{FAE04EC0-301F-11D3-BF4B-00C04F79EFBC}") = "DDD.Application", "Src\Application\DDD.Application.csproj", "{0E4000A9-C3F7-4FDC-B900-7B5A94AF2D4F}"
EndProject
Project("{FAE04EC0-301F-11D3-BF4B-00C04F79EFBC}") = "DDD.Domain", "Src\Domain\DDD.Domain.csproj", "{87EDA1D2-4B5B-E524-38CE-D0BFCA5F4D6B}"
EndProject
Project("{FAE04EC0-301F-11D3-BF4B-00C04F79EFBC}") = "DDD.Infrastructure", "Src\Infrastructure\DDD.Infrastructure.csproj", "{3D745DFE-AF9A-E111-755D-FD3FFF280728}"
EndProject
Project("{FAE04EC0-301F-11D3-BF4B-00C04F79EFBC}") = "DDD.Presentation", "Src\Presentation\DDD.Presentation.csproj", "{B2AEB70A-FBFC-D893-C8FA-877D78A598B9}"
EndProject
Project("{FAE04EC0-301F-11D3-BF4B-00C04F79EFBC}") = "DDD.Migrator", "Src\Migrator\DDD.Migrator.csproj", "{429898FD-C157-559E-A6C8-90CD4C726752}"
EndProject
Project("{FAE04EC0-301F-11D3-BF4B-00C04F79EFBC}") = "DDD.Presentation.Test", "Test\Presentation.Test\DDD.Presentation.Test.csproj", "{B12137F0-C6A4-F1D8-545D-BA07264A88F7}"
EndProject
Project("{2150E333-8FDC-42A3-9474-1A3956D46DE8}") = "Test", "Test", "{02EA681E-C7D8-13C7-8484-4AC65E1B71E8}"
EndProject
Project("{FAE04EC0-301F-11D3-BF4B-00C04F79EFBC}") = "DDD.Api.Test", "Test\Api.Test\DDD.Api.Test\DDD.Api.Test.csproj", "{2CFD7383-5CDB-45EC-9106-DE9AED81B0A9}"
EndProject
Project("{FAE04EC0-301F-11D3-BF4B-00C04F79EFBC}") = "DDD.Application.Test", "Test\Application.Test\DDD.Application.Test\DDD.Application.Test.csproj", "{9727DE25-69D9-49EC-BDCB-5E973F480DFE}"
EndProject
Project("{FAE04EC0-301F-11D3-BF4B-00C04F79EFBC}") = "DDD.Domain.Test", "Test\Domain.Test\DDD.Domain.Test\DDD.Domain.Test.csproj", "{DEDD7D63-7DA8-41CF-A4F0-D18F24BCED19}"
EndProject
Project("{FAE04EC0-301F-11D3-BF4B-00C04F79EFBC}") = "DDD.Infrastructure.Test", "Test\Infrastructure.Test\DDD.Infrastructure.Test\DDD.Infrastructure.Test.csproj", "{3C977C1E-A25C-4C4E-B48F-16F18B3D31A9}"
EndProject
Project("{FAE04EC0-301F-11D3-BF4B-00C04F79EFBC}") = "DDD.IntegrationTest.Test", "Test\IntegrationTest.Test\DDD.IntegrationTest.Test\DDD.IntegrationTest.Test.csproj", "{2DAE2DBC-3FC7-4D1B-9FA2-F9303ECA9FF9}"
EndProject
Project("{E53339B2-1760-4266-BCC7-CA923CBCF16C}") = "docker-compose", "docker-compose.dcproj", "{81DDED9D-158B-E303-5F62-77A2896D2A5A}"
EndProject
Global
	GlobalSection(SolutionConfigurationPlatforms) = preSolution
		Debug|Any CPU = Debug|Any CPU
		Debug|x64 = Debug|x64
		Debug|x86 = Debug|x86
		Release|Any CPU = Release|Any CPU
		Release|x64 = Release|x64
		Release|x86 = Release|x86
	EndGlobalSection
	GlobalSection(ProjectConfigurationPlatforms) = postSolution
		{D74B2966-0625-4ABC-9E41-F7FA3B28A2F4}.Debug|Any CPU.ActiveCfg = Debug|Any CPU
		{D74B2966-0625-4ABC-9E41-F7FA3B28A2F4}.Debug|Any CPU.Build.0 = Debug|Any CPU
		{D74B2966-0625-4ABC-9E41-F7FA3B28A2F4}.Debug|x64.ActiveCfg = Debug|Any CPU
		{D74B2966-0625-4ABC-9E41-F7FA3B28A2F4}.Debug|x64.Build.0 = Debug|Any CPU
		{D74B2966-0625-4ABC-9E41-F7FA3B28A2F4}.Debug|x86.ActiveCfg = Debug|Any CPU
		{D74B2966-0625-4ABC-9E41-F7FA3B28A2F4}.Debug|x86.Build.0 = Debug|Any CPU
		{D74B2966-0625-4ABC-9E41-F7FA3B28A2F4}.Release|Any CPU.ActiveCfg = Release|Any CPU
		{D74B2966-0625-4ABC-9E41-F7FA3B28A2F4}.Release|Any CPU.Build.0 = Release|Any CPU
		{D74B2966-0625-4ABC-9E41-F7FA3B28A2F4}.Release|x64.ActiveCfg = Release|Any CPU
		{D74B2966-0625-4ABC-9E41-F7FA3B28A2F4}.Release|x64.Build.0 = Release|Any CPU
		{D74B2966-0625-4ABC-9E41-F7FA3B28A2F4}.Release|x86.ActiveCfg = Release|Any CPU
		{D74B2966-0625-4ABC-9E41-F7FA3B28A2F4}.Release|x86.Build.0 = Release|Any CPU
		{0E4000A9-C3F7-4FDC-B900-7B5A94AF2D4F}.Debug|Any CPU.ActiveCfg = Debug|Any CPU
		{0E4000A9-C3F7-4FDC-B900-7B5A94AF2D4F}.Debug|Any CPU.Build.0 = Debug|Any CPU
		{0E4000A9-C3F7-4FDC-B900-7B5A94AF2D4F}.Debug|x64.ActiveCfg = Debug|Any CPU
		{0E4000A9-C3F7-4FDC-B900-7B5A94AF2D4F}.Debug|x64.Build.0 = Debug|Any CPU
		{0E4000A9-C3F7-4FDC-B900-7B5A94AF2D4F}.Debug|x86.ActiveCfg = Debug|Any CPU
		{0E4000A9-C3F7-4FDC-B900-7B5A94AF2D4F}.Debug|x86.Build.0 = Debug|Any CPU
		{0E4000A9-C3F7-4FDC-B900-7B5A94AF2D4F}.Release|Any CPU.ActiveCfg = Release|Any CPU
		{0E4000A9-C3F7-4FDC-B900-7B5A94AF2D4F}.Release|Any CPU.Build.0 = Release|Any CPU
		{0E4000A9-C3F7-4FDC-B900-7B5A94AF2D4F}.Release|x64.ActiveCfg = Release|Any CPU
		{0E4000A9-C3F7-4FDC-B900-7B5A94AF2D4F}.Release|x64.Build.0 = Release|Any CPU
		{0E4000A9-C3F7-4FDC-B900-7B5A94AF2D4F}.Release|x86.ActiveCfg = Release|Any CPU
		{0E4000A9-C3F7-4FDC-B900-7B5A94AF2D4F}.Release|x86.Build.0 = Release|Any CPU
		{87EDA1D2-4B5B-E524-38CE-D0BFCA5F4D6B}.Debug|Any CPU.ActiveCfg = Debug|Any CPU
		{87EDA1D2-4B5B-E524-38CE-D0BFCA5F4D6B}.Debug|Any CPU.Build.0 = Debug|Any CPU
		{87EDA1D2-4B5B-E524-38CE-D0BFCA5F4D6B}.Debug|x64.ActiveCfg = Debug|Any CPU
		{87EDA1D2-4B5B-E524-38CE-D0BFCA5F4D6B}.Debug|x64.Build.0 = Debug|Any CPU
		{87EDA1D2-4B5B-E524-38CE-D0BFCA5F4D6B}.Debug|x86.ActiveCfg = Debug|Any CPU
		{87EDA1D2-4B5B-E524-38CE-D0BFCA5F4D6B}.Debug|x86.Build.0 = Debug|Any CPU
		{87EDA1D2-4B5B-E524-38CE-D0BFCA5F4D6B}.Release|Any CPU.ActiveCfg = Release|Any CPU
		{87EDA1D2-4B5B-E524-38CE-D0BFCA5F4D6B}.Release|Any CPU.Build.0 = Release|Any CPU
		{87EDA1D2-4B5B-E524-38CE-D0BFCA5F4D6B}.Release|x64.ActiveCfg = Release|Any CPU
		{87EDA1D2-4B5B-E524-38CE-D0BFCA5F4D6B}.Release|x64.Build.0 = Release|Any CPU
		{87EDA1D2-4B5B-E524-38CE-D0BFCA5F4D6B}.Release|x86.ActiveCfg = Release|Any CPU
		{87EDA1D2-4B5B-E524-38CE-D0BFCA5F4D6B}.Release|x86.Build.0 = Release|Any CPU
		{3D745DFE-AF9A-E111-755D-FD3FFF280728}.Debug|Any CPU.ActiveCfg = Debug|Any CPU
		{3D745DFE-AF9A-E111-755D-FD3FFF280728}.Debug|Any CPU.Build.0 = Debug|Any CPU
		{3D745DFE-AF9A-E111-755D-FD3FFF280728}.Debug|x64.ActiveCfg = Debug|Any CPU
		{3D745DFE-AF9A-E111-755D-FD3FFF280728}.Debug|x64.Build.0 = Debug|Any CPU
		{3D745DFE-AF9A-E111-755D-FD3FFF280728}.Debug|x86.ActiveCfg = Debug|Any CPU
		{3D745DFE-AF9A-E111-755D-FD3FFF280728}.Debug|x86.Build.0 = Debug|Any CPU
		{3D745DFE-AF9A-E111-755D-FD3FFF280728}.Release|Any CPU.ActiveCfg = Release|Any CPU
		{3D745DFE-AF9A-E111-755D-FD3FFF280728}.Release|Any CPU.Build.0 = Release|Any CPU
		{3D745DFE-AF9A-E111-755D-FD3FFF280728}.Release|x64.ActiveCfg = Release|Any CPU
		{3D745DFE-AF9A-E111-755D-FD3FFF280728}.Release|x64.Build.0 = Release|Any CPU
		{3D745DFE-AF9A-E111-755D-FD3FFF280728}.Release|x86.ActiveCfg = Release|Any CPU
		{3D745DFE-AF9A-E111-755D-FD3FFF280728}.Release|x86.Build.0 = Release|Any CPU
		{B2AEB70A-FBFC-D893-C8FA-877D78A598B9}.Debug|Any CPU.ActiveCfg = Debug|Any CPU
		{B2AEB70A-FBFC-D893-C8FA-877D78A598B9}.Debug|Any CPU.Build.0 = Debug|Any CPU
		{B2AEB70A-FBFC-D893-C8FA-877D78A598B9}.Debug|x64.ActiveCfg = Debug|Any CPU
		{B2AEB70A-FBFC-D893-C8FA-877D78A598B9}.Debug|x64.Build.0 = Debug|Any CPU
		{B2AEB70A-FBFC-D893-C8FA-877D78A598B9}.Debug|x86.ActiveCfg = Debug|Any CPU
		{B2AEB70A-FBFC-D893-C8FA-877D78A598B9}.Debug|x86.Build.0 = Debug|Any CPU
		{B2AEB70A-FBFC-D893-C8FA-877D78A598B9}.Release|Any CPU.ActiveCfg = Release|Any CPU
		{B2AEB70A-FBFC-D893-C8FA-877D78A598B9}.Release|Any CPU.Build.0 = Release|Any CPU
		{B2AEB70A-FBFC-D893-C8FA-877D78A598B9}.Release|x64.ActiveCfg = Release|Any CPU
		{B2AEB70A-FBFC-D893-C8FA-877D78A598B9}.Release|x64.Build.0 = Release|Any CPU
		{B2AEB70A-FBFC-D893-C8FA-877D78A598B9}.Release|x86.ActiveCfg = Release|Any CPU
		{B2AEB70A-FBFC-D893-C8FA-877D78A598B9}.Release|x86.Build.0 = Release|Any CPU
		{429898FD-C157-559E-A6C8-90CD4C726752}.Debug|Any CPU.ActiveCfg = Debug|Any CPU
		{429898FD-C157-559E-A6C8-90CD4C726752}.Debug|Any CPU.Build.0 = Debug|Any CPU
		{429898FD-C157-559E-A6C8-90CD4C726752}.Debug|x64.ActiveCfg = Debug|Any CPU
		{429898FD-C157-559E-A6C8-90CD4C726752}.Debug|x64.Build.0 = Debug|Any CPU
		{429898FD-C157-559E-A6C8-90CD4C726752}.Debug|x86.ActiveCfg = Debug|Any CPU
		{429898FD-C157-559E-A6C8-90CD4C726752}.Debug|x86.Build.0 = Debug|Any CPU
		{429898FD-C157-559E-A6C8-90CD4C726752}.Release|Any CPU.ActiveCfg = Release|Any CPU
		{429898FD-C157-559E-A6C8-90CD4C726752}.Release|Any CPU.Build.0 = Release|Any CPU
		{429898FD-C157-559E-A6C8-90CD4C726752}.Release|x64.ActiveCfg = Release|Any CPU
		{429898FD-C157-559E-A6C8-90CD4C726752}.Release|x64.Build.0 = Release|Any CPU
		{429898FD-C157-559E-A6C8-90CD4C726752}.Release|x86.ActiveCfg = Release|Any CPU
		{429898FD-C157-559E-A6C8-90CD4C726752}.Release|x86.Build.0 = Release|Any CPU
		{B12137F0-C6A4-F1D8-545D-BA07264A88F7}.Debug|Any CPU.ActiveCfg = Debug|Any CPU
		{B12137F0-C6A4-F1D8-545D-BA07264A88F7}.Debug|Any CPU.Build.0 = Debug|Any CPU
		{B12137F0-C6A4-F1D8-545D-BA07264A88F7}.Debug|x64.ActiveCfg = Debug|Any CPU
		{B12137F0-C6A4-F1D8-545D-BA07264A88F7}.Debug|x64.Build.0 = Debug|Any CPU
		{B12137F0-C6A4-F1D8-545D-BA07264A88F7}.Debug|x86.ActiveCfg = Debug|Any CPU
		{B12137F0-C6A4-F1D8-545D-BA07264A88F7}.Debug|x86.Build.0 = Debug|Any CPU
		{B12137F0-C6A4-F1D8-545D-BA07264A88F7}.Release|Any CPU.ActiveCfg = Release|Any CPU
		{B12137F0-C6A4-F1D8-545D-BA07264A88F7}.Release|Any CPU.Build.0 = Release|Any CPU
		{B12137F0-C6A4-F1D8-545D-BA07264A88F7}.Release|x64.ActiveCfg = Release|Any CPU
		{B12137F0-C6A4-F1D8-545D-BA07264A88F7}.Release|x64.Build.0 = Release|Any CPU
		{B12137F0-C6A4-F1D8-545D-BA07264A88F7}.Release|x86.ActiveCfg = Release|Any CPU
		{B12137F0-C6A4-F1D8-545D-BA07264A88F7}.Release|x86.Build.0 = Release|Any CPU
		{2CFD7383-5CDB-45EC-9106-DE9AED81B0A9}.Debug|Any CPU.ActiveCfg = Debug|Any CPU
		{2CFD7383-5CDB-45EC-9106-DE9AED81B0A9}.Debug|Any CPU.Build.0 = Debug|Any CPU
		{2CFD7383-5CDB-45EC-9106-DE9AED81B0A9}.Debug|x64.ActiveCfg = Debug|Any CPU
		{2CFD7383-5CDB-45EC-9106-DE9AED81B0A9}.Debug|x64.Build.0 = Debug|Any CPU
		{2CFD7383-5CDB-45EC-9106-DE9AED81B0A9}.Debug|x86.ActiveCfg = Debug|Any CPU
		{2CFD7383-5CDB-45EC-9106-DE9AED81B0A9}.Debug|x86.Build.0 = Debug|Any CPU
		{2CFD7383-5CDB-45EC-9106-DE9AED81B0A9}.Release|Any CPU.ActiveCfg = Release|Any CPU
		{2CFD7383-5CDB-45EC-9106-DE9AED81B0A9}.Release|Any CPU.Build.0 = Release|Any CPU
		{2CFD7383-5CDB-45EC-9106-DE9AED81B0A9}.Release|x64.ActiveCfg = Release|Any CPU
		{2CFD7383-5CDB-45EC-9106-DE9AED81B0A9}.Release|x64.Build.0 = Release|Any CPU
		{2CFD7383-5CDB-45EC-9106-DE9AED81B0A9}.Release|x86.ActiveCfg = Release|Any CPU
		{2CFD7383-5CDB-45EC-9106-DE9AED81B0A9}.Release|x86.Build.0 = Release|Any CPU
		{9727DE25-69D9-49EC-BDCB-5E973F480DFE}.Debug|Any CPU.ActiveCfg = Debug|Any CPU
		{9727DE25-69D9-49EC-BDCB-5E973F480DFE}.Debug|Any CPU.Build.0 = Debug|Any CPU
		{9727DE25-69D9-49EC-BDCB-5E973F480DFE}.Debug|x64.ActiveCfg = Debug|Any CPU
		{9727DE25-69D9-49EC-BDCB-5E973F480DFE}.Debug|x64.Build.0 = Debug|Any CPU
		{9727DE25-69D9-49EC-BDCB-5E973F480DFE}.Debug|x86.ActiveCfg = Debug|Any CPU
		{9727DE25-69D9-49EC-BDCB-5E973F480DFE}.Debug|x86.Build.0 = Debug|Any CPU
		{9727DE25-69D9-49EC-BDCB-5E973F480DFE}.Release|Any CPU.ActiveCfg = Release|Any CPU
		{9727DE25-69D9-49EC-BDCB-5E973F480DFE}.Release|Any CPU.Build.0 = Release|Any CPU
		{9727DE25-69D9-49EC-BDCB-5E973F480DFE}.Release|x64.ActiveCfg = Release|Any CPU
		{9727DE25-69D9-49EC-BDCB-5E973F480DFE}.Release|x64.Build.0 = Release|Any CPU
		{9727DE25-69D9-49EC-BDCB-5E973F480DFE}.Release|x86.ActiveCfg = Release|Any CPU
		{9727DE25-69D9-49EC-BDCB-5E973F480DFE}.Release|x86.Build.0 = Release|Any CPU
		{DEDD7D63-7DA8-41CF-A4F0-D18F24BCED19}.Debug|Any CPU.ActiveCfg = Debug|Any CPU
		{DEDD7D63-7DA8-41CF-A4F0-D18F24BCED19}.Debug|Any CPU.Build.0 = Debug|Any CPU
		{DEDD7D63-7DA8-41CF-A4F0-D18F24BCED19}.Debug|x64.ActiveCfg = Debug|Any CPU
		{DEDD7D63-7DA8-41CF-A4F0-D18F24BCED19}.Debug|x64.Build.0 = Debug|Any CPU
		{DEDD7D63-7DA8-41CF-A4F0-D18F24BCED19}.Debug|x86.ActiveCfg = Debug|Any CPU
		{DEDD7D63-7DA8-41CF-A4F0-D18F24BCED19}.Debug|x86.Build.0 = Debug|Any CPU
		{DEDD7D63-7DA8-41CF-A4F0-D18F24BCED19}.Release|Any CPU.ActiveCfg = Release|Any CPU
		{DEDD7D63-7DA8-41CF-A4F0-D18F24BCED19}.Release|Any CPU.Build.0 = Release|Any CPU
		{DEDD7D63-7DA8-41CF-A4F0-D18F24BCED19}.Release|x64.ActiveCfg = Release|Any CPU
		{DEDD7D63-7DA8-41CF-A4F0-D18F24BCED19}.Release|x64.Build.0 = Release|Any CPU
		{DEDD7D63-7DA8-41CF-A4F0-D18F24BCED19}.Release|x86.ActiveCfg = Release|Any CPU
		{DEDD7D63-7DA8-41CF-A4F0-D18F24BCED19}.Release|x86.Build.0 = Release|Any CPU
		{3C977C1E-A25C-4C4E-B48F-16F18B3D31A9}.Debug|Any CPU.ActiveCfg = Debug|Any CPU
		{3C977C1E-A25C-4C4E-B48F-16F18B3D31A9}.Debug|Any CPU.Build.0 = Debug|Any CPU
		{3C977C1E-A25C-4C4E-B48F-16F18B3D31A9}.Debug|x64.ActiveCfg = Debug|Any CPU
		{3C977C1E-A25C-4C4E-B48F-16F18B3D31A9}.Debug|x64.Build.0 = Debug|Any CPU
		{3C977C1E-A25C-4C4E-B48F-16F18B3D31A9}.Debug|x86.ActiveCfg = Debug|Any CPU
		{3C977C1E-A25C-4C4E-B48F-16F18B3D31A9}.Debug|x86.Build.0 = Debug|Any CPU
		{3C977C1E-A25C-4C4E-B48F-16F18B3D31A9}.Release|Any CPU.ActiveCfg = Release|Any CPU
		{3C977C1E-A25C-4C4E-B48F-16F18B3D31A9}.Release|Any CPU.Build.0 = Release|Any CPU
		{3C977C1E-A25C-4C4E-B48F-16F18B3D31A9}.Release|x64.ActiveCfg = Release|Any CPU
		{3C977C1E-A25C-4C4E-B48F-16F18B3D31A9}.Release|x64.Build.0 = Release|Any CPU
		{3C977C1E-A25C-4C4E-B48F-16F18B3D31A9}.Release|x86.ActiveCfg = Release|Any CPU
		{3C977C1E-A25C-4C4E-B48F-16F18B3D31A9}.Release|x86.Build.0 = Release|Any CPU
		{2DAE2DBC-3FC7-4D1B-9FA2-F9303ECA9FF9}.Debug|Any CPU.ActiveCfg = Debug|Any CPU
		{2DAE2DBC-3FC7-4D1B-9FA2-F9303ECA9FF9}.Debug|Any CPU.Build.0 = Debug|Any CPU
		{2DAE2DBC-3FC7-4D1B-9FA2-F9303ECA9FF9}.Debug|x64.ActiveCfg = Debug|Any CPU
		{2DAE2DBC-3FC7-4D1B-9FA2-F9303ECA9FF9}.Debug|x64.Build.0 = Debug|Any CPU
		{2DAE2DBC-3FC7-4D1B-9FA2-F9303ECA9FF9}.Debug|x86.ActiveCfg = Debug|Any CPU
		{2DAE2DBC-3FC7-4D1B-9FA2-F9303ECA9FF9}.Debug|x86.Build.0 = Debug|Any CPU
		{2DAE2DBC-3FC7-4D1B-9FA2-F9303ECA9FF9}.Release|Any CPU.ActiveCfg = Release|Any CPU
		{2DAE2DBC-3FC7-4D1B-9FA2-F9303ECA9FF9}.Release|Any CPU.Build.0 = Release|Any CPU
		{2DAE2DBC-3FC7-4D1B-9FA2-F9303ECA9FF9}.Release|x64.ActiveCfg = Release|Any CPU
		{2DAE2DBC-3FC7-4D1B-9FA2-F9303ECA9FF9}.Release|x64.Build.0 = Release|Any CPU
		{2DAE2DBC-3FC7-4D1B-9FA2-F9303ECA9FF9}.Release|x86.ActiveCfg = Release|Any CPU
		{2DAE2DBC-3FC7-4D1B-9FA2-F9303ECA9FF9}.Release|x86.Build.0 = Release|Any CPU
		{81DDED9D-158B-E303-5F62-77A2896D2A5A}.Debug|Any CPU.ActiveCfg = Debug|Any CPU
		{81DDED9D-158B-E303-5F62-77A2896D2A5A}.Debug|Any CPU.Build.0 = Debug|Any CPU
		{81DDED9D-158B-E303-5F62-77A2896D2A5A}.Debug|x64.ActiveCfg = Debug|Any CPU
		{81DDED9D-158B-E303-5F62-77A2896D2A5A}.Debug|x64.Build.0 = Debug|Any CPU
		{81DDED9D-158B-E303-5F62-77A2896D2A5A}.Debug|x86.ActiveCfg = Debug|Any CPU
		{81DDED9D-158B-E303-5F62-77A2896D2A5A}.Debug|x86.Build.0 = Debug|Any CPU
		{81DDED9D-158B-E303-5F62-77A2896D2A5A}.Release|Any CPU.ActiveCfg = Release|Any CPU
		{81DDED9D-158B-E303-5F62-77A2896D2A5A}.Release|Any CPU.Build.0 = Release|Any CPU
		{81DDED9D-158B-E303-5F62-77A2896D2A5A}.Release|x64.ActiveCfg = Release|Any CPU
		{81DDED9D-158B-E303-5F62-77A2896D2A5A}.Release|x64.Build.0 = Release|Any CPU
		{81DDED9D-158B-E303-5F62-77A2896D2A5A}.Release|x86.ActiveCfg = Release|Any CPU
		{81DDED9D-158B-E303-5F62-77A2896D2A5A}.Release|x86.Build.0 = Release|Any CPU
	EndGlobalSection
	GlobalSection(SolutionProperties) = preSolution
		HideSolutionNode = FALSE
	EndGlobalSection
	GlobalSection(NestedProjects) = preSolution
		{D74B2966-0625-4ABC-9E41-F7FA3B28A2F4} = {827E0CD3-B72D-47B6-A68D-7590B98EB39B}
		{0E4000A9-C3F7-4FDC-B900-7B5A94AF2D4F} = {827E0CD3-B72D-47B6-A68D-7590B98EB39B}
		{87EDA1D2-4B5B-E524-38CE-D0BFCA5F4D6B} = {827E0CD3-B72D-47B6-A68D-7590B98EB39B}
		{3D745DFE-AF9A-E111-755D-FD3FFF280728} = {827E0CD3-B72D-47B6-A68D-7590B98EB39B}
		{B2AEB70A-FBFC-D893-C8FA-877D78A598B9} = {827E0CD3-B72D-47B6-A68D-7590B98EB39B}
		{429898FD-C157-559E-A6C8-90CD4C726752} = {827E0CD3-B72D-47B6-A68D-7590B98EB39B}
		{B12137F0-C6A4-F1D8-545D-BA07264A88F7} = {02EA681E-C7D8-13C7-8484-4AC65E1B71E8}
		{2CFD7383-5CDB-45EC-9106-DE9AED81B0A9} = {02EA681E-C7D8-13C7-8484-4AC65E1B71E8}
		{9727DE25-69D9-49EC-BDCB-5E973F480DFE} = {02EA681E-C7D8-13C7-8484-4AC65E1B71E8}
		{DEDD7D63-7DA8-41CF-A4F0-D18F24BCED19} = {02EA681E-C7D8-13C7-8484-4AC65E1B71E8}
		{3C977C1E-A25C-4C4E-B48F-16F18B3D31A9} = {02EA681E-C7D8-13C7-8484-4AC65E1B71E8}
		{2DAE2DBC-3FC7-4D1B-9FA2-F9303ECA9FF9} = {02EA681E-C7D8-13C7-8484-4AC65E1B71E8}
	EndGlobalSection
	GlobalSection(ExtensibilityGlobals) = postSolution
		SolutionGuid = {AD1E4483-8358-4C91-8202-D64A38CD35ED}
	EndGlobalSection
EndGlobal
